{
  "name": "vibeweave",
  "version": "0.0.1",
  "lockfileVersion": 3,
  "requires": true,
  "packages": {
    "": {
      "name": "vibeweave",
      "version": "0.0.1",
      "extranead": {},
      "dependencies": {
        "@astrojs/react": {
          "version": "^5.0.3",
          "external": false,
          "dependencies": {
            "react": {
              "version": "^19.2.4",
              "external": false,
              "dependencies": {
                "react-dom": {
                  "version": "^19.2.4",
                  "external": false
                }
              }
            },
            "react-dom": {
              "version": "^19.2.4",
              "external": false,
              "dependencies": {
                "react": {
                 "version": "^19.2.4",
                 "external": false
                }
              }
            }
        },
        " dependencies": {
          "react": {
            "version": "^19.2.4",
            "external": false,
            "dependencies": {
              "react-dom": {
                "version": "^19.2.4",
                "external": false
              }
            }
        },
        "react-dom": {
          "version": "^19.2.4",
          "external": false,
          "dependencies": {
            "react": {
              "version": "^19.2.4",
              "external": false
            }
        }
      }
    }
  },
  "@dnd-kit/core": {
    "name": "@dnd-kit/core",
    "version": "^6.3.1",
    "external": false,
    "dependencies": {
      "@dnd-kit/sortable": {
        "version": "^10.0.0",
        "external": false
      },
      "@dnd-kit/utilities": {
        "version": "^3.2.2",
        "external": false
      }
    }
  },
  "@dnd-kit/sortable": {
    "name": "@dnd-kit/sortable",
    "version": "^10.0.0",
    "external": false,
    "dependencies": {
      "@dnd-kit/utilities": {
        "version": "^3.2.2",
        "external": false
      }
    }
  },
  "@dnd-kit/utilities": {
    "name": "@dnd-kit/utilities",
    "version": "^3.2.2",
    "external": false,
    "dependencies": {}
  },
  "@supabase/ssr": {
    "name": "@supabase/ssr",
    "version": "^0.10.0",
    "external": false,
    "dependencies": {
      "@supabase/supabase-js": {
        "version": "^2.102.1",
        "external": false
      }
    }
  },
  "@supabase/supabase-js": {
    "name": "@supabase/supabase-js",
    "version": "^2.102.1",
    "external": false,
    "dependencies": {}
  },
  "astro": {
    "name": "astro",
    "version": "^6.1.5",
    "external": false,
    "dependencies": {}
  },
  "chart.js": {
    "name": "chart.js",
    "version": "^4.5.1",
    "external": false,
    "dependencies": {}
  },
  "crypto-js": {
    "name": "crypto-js",
    "version": "^4.2.0",
    "external": false,
    "dependencies": {}
  },
  "node-forge": {
    "name": "node-forge",
    "version": "^1.4.0",
    "external": false,
    "dependencies": {}
  },
  "react": {
    "name": "react",
    "version": "^19.2.4",
    "external": false,
    "dependencies": {
      "react-dom": {
        "version": "^19.2.4",
        "external": false
      }
    }
  },
  "react-chartjs-2": {
    "name": "react-chartjs-2",
    "version": "^5.3.1",
    "external": false,
    "dependencies": {
      "chart.js": {
        "version": "^4.5.1",
        "external": false
      },
      "react": {
        "version": "^19.2.4",
        "external": false
      }
    }
  },
  "react-dom": {
    "name": "react-dom",
    "version": "^19.2.4",
    "external": false,
    "dependencies": {
      "react": {
        "version": "^19.2.4",
        "external": false
      }
    }
  }
}